
Microsoft Visual Studio Solution File, Format Version 12.00
# Visual Studio Version 17
VisualStudioVersion = 17.1.32421.90
MinimumVisualStudioVersion = 10.0.40219.1
Project("{FAE04EC0-301F-11D3-BF4B-00C04F79EFBC}") = "Uc17_AddressBookTsql", "Uc17_AddressBookTsql.csproj", "{7D977E79-808F-4422-B5EA-29242F4E9BA9}"
EndProject
Project("{FAE04EC0-301F-11D3-BF4B-00C04F79EFBC}") = "UnitTest17-34", "..\UnitTest17-34\UnitTest17-34.csproj", "{4BD45C28-507B-4134-ACA5-0A0ABD1E82DF}"
EndProject
Global
	GlobalSection(SolutionConfigurationPlatforms) = preSolution
		Debug|Any CPU = Debug|Any CPU
		Release|Any CPU = Release|Any CPU
	EndGlobalSection
	GlobalSection(ProjectConfigurationPlatforms) = postSolution
		{7D977E79-808F-4422-B5EA-29242F4E9BA9}.Debug|Any CPU.ActiveCfg = Debug|Any CPU
		{7D977E79-808F-4422-B5EA-29242F4E9BA9}.Debug|Any CPU.Build.0 = Debug|Any CPU
		{7D977E79-808F-4422-B5EA-29242F4E9BA9}.Release|Any CPU.ActiveCfg = Release|Any CPU
		{7D977E79-808F-4422-B5EA-29242F4E9BA9}.Release|Any CPU.Build.0 = Release|Any CPU
		{4BD45C28-507B-4134-ACA5-0A0ABD1E82DF}.Debug|Any CPU.ActiveCfg = Debug|Any CPU
		{4BD45C28-507B-4134-ACA5-0A0ABD1E82DF}.Debug|Any CPU.Build.0 = Debug|Any CPU
		{4BD45C28-507B-4134-ACA5-0A0ABD1E82DF}.Release|Any CPU.ActiveCfg = Release|Any CPU
		{4BD45C28-507B-4134-ACA5-0A0ABD1E82DF}.Release|Any CPU.Build.0 = Release|Any CPU
	EndGlobalSection
	GlobalSection(SolutionProperties) = preSolution
		HideSolutionNode = FALSE
	EndGlobalSection
	GlobalSection(ExtensibilityGlobals) = postSolution
		SolutionGuid = {39CD1A74-B6AB-48C3-89C4-CE2DA6865C4F}
	EndGlobalSection
EndGlobal
