
Microsoft Visual Studio Solution File, Format Version 12.00
# Visual Studio Version 17
VisualStudioVersion = 17.1.32421.90
MinimumVisualStudioVersion = 10.0.40219.1
Project("{FAE04EC0-301F-11D3-BF4B-00C04F79EFBC}") = "Uc_19AddBookTsql", "Uc_19AddBookTsql.csproj", "{45A03967-E17C-4451-ABE4-850ED6E80BDF}"
EndProject
Global
	GlobalSection(SolutionConfigurationPlatforms) = preSolution
		Debug|Any CPU = Debug|Any CPU
		Release|Any CPU = Release|Any CPU
	EndGlobalSection
	GlobalSection(ProjectConfigurationPlatforms) = postSolution
		{45A03967-E17C-4451-ABE4-850ED6E80BDF}.Debug|Any CPU.ActiveCfg = Debug|Any CPU
		{45A03967-E17C-4451-ABE4-850ED6E80BDF}.Debug|Any CPU.Build.0 = Debug|Any CPU
		{45A03967-E17C-4451-ABE4-850ED6E80BDF}.Release|Any CPU.ActiveCfg = Release|Any CPU
		{45A03967-E17C-4451-ABE4-850ED6E80BDF}.Release|Any CPU.Build.0 = Release|Any CPU
	EndGlobalSection
	GlobalSection(SolutionProperties) = preSolution
		HideSolutionNode = FALSE
	EndGlobalSection
	GlobalSection(ExtensibilityGlobals) = postSolution
		SolutionGuid = {3F9774BA-BF00-4E12-8D5D-85E8E4330BB7}
	EndGlobalSection
EndGlobal
